{
  "object": {
    "pins": [
      {
        "package": "mlx-swift",
        "repositoryURL": "https://github.com/ml-explore/mlx-swift",
        "state": {
          "branch": null,
          "revision": "a8f7411d0c7b63cbf3e64a694ec73850a46f9a1c",
          "version": "0.25.2"
        }
      },
      {
        "package": "swift-numerics",
        "repositoryURL": "https://github.com/apple/swift-numerics",
        "state": {
          "branch": null,
          "revision": "e0ec0f5f3af6f3e4d5e7a19d2af26b481acb6ba8",
          "version": "1.0.3"
        }
      }
    ]
  },
  "version": 1
}
